
Microsoft Visual Studio Solution File, Format Version 12.00
# Visual Studio 15
VisualStudioVersion = 15.0.28307.1705
MinimumVisualStudioVersion = 10.0.40219.1
Project("{FAE04EC0-301F-11D3-BF4B-00C04F79EFBC}") = "GreedyDelete", "GreedyDelete\GreedyDelete.csproj", "{ABB32BAE-BFCE-48DC-96D2-D8AAE66A8F97}"
EndProject
Global
	GlobalSection(SolutionConfigurationPlatforms) = preSolution
		Debug|Any CPU = Debug|Any CPU
		Release|Any CPU = Release|Any CPU
	EndGlobalSection
	GlobalSection(ProjectConfigurationPlatforms) = postSolution
		{ABB32BAE-BFCE-48DC-96D2-D8AAE66A8F97}.Debug|Any CPU.ActiveCfg = Debug|Any CPU
		{ABB32BAE-BFCE-48DC-96D2-D8AAE66A8F97}.Debug|Any CPU.Build.0 = Debug|Any CPU
		{ABB32BAE-BFCE-48DC-96D2-D8AAE66A8F97}.Release|Any CPU.ActiveCfg = Release|Any CPU
		{ABB32BAE-BFCE-48DC-96D2-D8AAE66A8F97}.Release|Any CPU.Build.0 = Release|Any CPU
	EndGlobalSection
	GlobalSection(SolutionProperties) = preSolution
		HideSolutionNode = FALSE
	EndGlobalSection
	GlobalSection(ExtensibilityGlobals) = postSolution
		SolutionGuid = {E7AC8568-5B13-483A-A9F5-514CD3957982}
	EndGlobalSection
EndGlobal
